
Microsoft Visual Studio Solution File, Format Version 12.00
# Visual Studio Version 17
VisualStudioVersion = 17.0.31903.59
MinimumVisualStudioVersion = 10.0.40219.1
Project("{FAE04EC0-301F-11D3-BF4B-00C04F79EFBC}") = "SponsorshipWorkflow.Domain", "SponsorshipWorkflow.Domain\SponsorshipWorkflow.Domain.csproj", "{5947EB0D-EEC4-4912-9661-50FA64B13CBD}"
EndProject
Project("{FAE04EC0-301F-11D3-BF4B-00C04F79EFBC}") = "SponsorshipWorkflow.Application", "SponsorshipWorkflow.Application\SponsorshipWorkflow.Application.csproj", "{9B5D6420-02FC-4CE8-B042-C664E2F3244F}"
EndProject
Project("{FAE04EC0-301F-11D3-BF4B-00C04F79EFBC}") = "SponsorshipWorkflow.Infrastructure", "SponsorshipWorkflow.Infrastructure\SponsorshipWorkflow.Infrastructure.csproj", "{26AEF231-820F-479A-9745-AAB80B751CEA}"
EndProject
Project("{FAE04EC0-301F-11D3-BF4B-00C04F79EFBC}") = "SponsorshipWorkflow.API", "SponsorshipWorkflow.API\SponsorshipWorkflow.API.csproj", "{768C942F-11BC-436F-AC3B-ED34AFCED704}"
EndProject
Global
	GlobalSection(SolutionConfigurationPlatforms) = preSolution
		Debug|Any CPU = Debug|Any CPU
		Release|Any CPU = Release|Any CPU
	EndGlobalSection
	GlobalSection(SolutionProperties) = preSolution
		HideSolutionNode = FALSE
	EndGlobalSection
	GlobalSection(ProjectConfigurationPlatforms) = postSolution
		{5947EB0D-EEC4-4912-9661-50FA64B13CBD}.Debug|Any CPU.ActiveCfg = Debug|Any CPU
		{5947EB0D-EEC4-4912-9661-50FA64B13CBD}.Debug|Any CPU.Build.0 = Debug|Any CPU
		{5947EB0D-EEC4-4912-9661-50FA64B13CBD}.Release|Any CPU.ActiveCfg = Release|Any CPU
		{5947EB0D-EEC4-4912-9661-50FA64B13CBD}.Release|Any CPU.Build.0 = Release|Any CPU
		{9B5D6420-02FC-4CE8-B042-C664E2F3244F}.Debug|Any CPU.ActiveCfg = Debug|Any CPU
		{9B5D6420-02FC-4CE8-B042-C664E2F3244F}.Debug|Any CPU.Build.0 = Debug|Any CPU
		{9B5D6420-02FC-4CE8-B042-C664E2F3244F}.Release|Any CPU.ActiveCfg = Release|Any CPU
		{9B5D6420-02FC-4CE8-B042-C664E2F3244F}.Release|Any CPU.Build.0 = Release|Any CPU
		{26AEF231-820F-479A-9745-AAB80B751CEA}.Debug|Any CPU.ActiveCfg = Debug|Any CPU
		{26AEF231-820F-479A-9745-AAB80B751CEA}.Debug|Any CPU.Build.0 = Debug|Any CPU
		{26AEF231-820F-479A-9745-AAB80B751CEA}.Release|Any CPU.ActiveCfg = Release|Any CPU
		{26AEF231-820F-479A-9745-AAB80B751CEA}.Release|Any CPU.Build.0 = Release|Any CPU
		{768C942F-11BC-436F-AC3B-ED34AFCED704}.Debug|Any CPU.ActiveCfg = Debug|Any CPU
		{768C942F-11BC-436F-AC3B-ED34AFCED704}.Debug|Any CPU.Build.0 = Debug|Any CPU
		{768C942F-11BC-436F-AC3B-ED34AFCED704}.Release|Any CPU.ActiveCfg = Release|Any CPU
		{768C942F-11BC-436F-AC3B-ED34AFCED704}.Release|Any CPU.Build.0 = Release|Any CPU
	EndGlobalSection
EndGlobal
